// !$*UTF8*$!
{
	archiveVersion = 1;
	classes = {
	};
	objectVersion = 56;
	objects = {

/* Begin PBXBuildFile section */
		A10000000000000000000001 /* ttApp.swift in Sources */ = {isa = PBXBuildFile; fileRef = A10000000000000000000011 /* ttApp.swift */; };
		A10000000000000000000002 /* AppDelegate.swift in Sources */ = {isa = PBXBuildFile; fileRef = A10000000000000000000012 /* AppDelegate.swift */; };
		A10000000000000000000003 /* AppState.swift in Sources */ = {isa = PBXBuildFile; fileRef = A10000000000000000000013 /* AppState.swift */; };
		A10000000000000000000004 /* Models.swift in Sources */ = {isa = PBXBuildFile; fileRef = A10000000000000000000014 /* Models.swift */; };
		A10000000000000000000005 /* TimeMath.swift in Sources */ = {isa = PBXBuildFile; fileRef = A10000000000000000000015 /* TimeMath.swift */; };
		A10000000000000000000043 /* Reports.swift in Sources */ = {isa = PBXBuildFile; fileRef = A10000000000000000000044 /* Reports.swift */; };
		A10000000000000000000006 /* DatabaseManager.swift in Sources */ = {isa = PBXBuildFile; fileRef = A10000000000000000000016 /* DatabaseManager.swift */; };
		A10000000000000000000007 /* ProjectRepository.swift in Sources */ = {isa = PBXBuildFile; fileRef = A10000000000000000000017 /* ProjectRepository.swift */; };
		A10000000000000000000008 /* TimeEntryRepository.swift in Sources */ = {isa = PBXBuildFile; fileRef = A10000000000000000000018 /* TimeEntryRepository.swift */; };
		A10000000000000000000009 /* BrutalistTheme.swift in Sources */ = {isa = PBXBuildFile; fileRef = A10000000000000000000019 /* BrutalistTheme.swift */; };
		A1000000000000000000000A /* SectionDivider.swift in Sources */ = {isa = PBXBuildFile; fileRef = A1000000000000000000001A /* SectionDivider.swift */; };
		A1000000000000000000000B /* StatusPopoverView.swift in Sources */ = {isa = PBXBuildFile; fileRef = A1000000000000000000001B /* StatusPopoverView.swift */; };
		A1000000000000000000000C /* Assets.xcassets in Resources */ = {isa = PBXBuildFile; fileRef = A1000000000000000000001C /* Assets.xcassets */; };
		A1000000000000000000000D /* TimeMathTests.swift in Sources */ = {isa = PBXBuildFile; fileRef = A1000000000000000000001D /* TimeMathTests.swift */; };
		A1000000000000000000000E /* GRDB in Frameworks */ = {isa = PBXBuildFile; productRef = A1000000000000000000002D /* GRDB */; };
		A10000000000000000000041 /* MainWindowView.swift in Sources */ = {isa = PBXBuildFile; fileRef = A10000000000000000000042 /* MainWindowView.swift */; };
		A10000000000000000000045 /* CSVExporter.swift in Sources */ = {isa = PBXBuildFile; fileRef = A10000000000000000000046 /* CSVExporter.swift */; };
		A10000000000000000000047 /* ReportBuilderTests.swift in Sources */ = {isa = PBXBuildFile; fileRef = A10000000000000000000048 /* ReportBuilderTests.swift */; };
		A10000000000000000000049 /* CSVExporterTests.swift in Sources */ = {isa = PBXBuildFile; fileRef = A1000000000000000000004A /* CSVExporterTests.swift */; };
		A1000000000000000000004C /* BrutalistPicker.swift in Sources */ = {isa = PBXBuildFile; fileRef = A1000000000000000000004B /* BrutalistPicker.swift */; };
		A1000000000000000000004D /* TestHelpers.swift in Sources */ = {isa = PBXBuildFile; fileRef = A1000000000000000000004E /* TestHelpers.swift */; };
		A1000000000000000000004F /* ProjectRepositoryTests.swift in Sources */ = {isa = PBXBuildFile; fileRef = A10000000000000000000056 /* ProjectRepositoryTests.swift */; };
		A10000000000000000000052 /* TimeEntryRepositoryTests.swift in Sources */ = {isa = PBXBuildFile; fileRef = A10000000000000000000053 /* TimeEntryRepositoryTests.swift */; };
		A10000000000000000000054 /* ModelTests.swift in Sources */ = {isa = PBXBuildFile; fileRef = A10000000000000000000055 /* ModelTests.swift */; };
		A10000000000000000000057 /* AppStateTests.swift in Sources */ = {isa = PBXBuildFile; fileRef = A10000000000000000000058 /* AppStateTests.swift */; };
		A10000000000000000000059 /* TimeTracker.swift in Sources */ = {isa = PBXBuildFile; fileRef = A1000000000000000000005A /* TimeTracker.swift */; };
		A1000000000000000000005B /* TimeTrackerTests.swift in Sources */ = {isa = PBXBuildFile; fileRef = A1000000000000000000005C /* TimeTrackerTests.swift */; };
		A1000000000000000000005D /* ttUITests.swift in Sources */ = {isa = PBXBuildFile; fileRef = A1000000000000000000005E /* ttUITests.swift */; };
/* End PBXBuildFile section */

/* Begin PBXContainerItemProxy section */
		A10000000000000000000050 /* PBXContainerItemProxy */ = {
			isa = PBXContainerItemProxy;
			containerPortal = A10000000000000000000035 /* Project object */;
			proxyType = 1;
			remoteGlobalIDString = A10000000000000000000030 /* tt */;
			remoteInfo = tt;
		};
		A10000000000000000000064 /* PBXContainerItemProxy */ = {
			isa = PBXContainerItemProxy;
			containerPortal = A10000000000000000000035 /* Project object */;
			proxyType = 1;
			remoteGlobalIDString = A10000000000000000000030 /* tt */;
			remoteInfo = tt;
		};
/* End PBXContainerItemProxy section */

/* Begin PBXTargetDependency section */
		A10000000000000000000051 /* PBXTargetDependency */ = {
			isa = PBXTargetDependency;
			target = A10000000000000000000030 /* tt */;
			targetProxy = A10000000000000000000050 /* PBXContainerItemProxy */;
		};
		A10000000000000000000065 /* PBXTargetDependency */ = {
			isa = PBXTargetDependency;
			target = A10000000000000000000030 /* tt */;
			targetProxy = A10000000000000000000064 /* PBXContainerItemProxy */;
		};
/* End PBXTargetDependency section */

/* Begin PBXFileReference section */
		A10000000000000000000010 /* tt.app */ = {isa = PBXFileReference; explicitFileType = wrapper.application; path = tt.app; sourceTree = BUILT_PRODUCTS_DIR; };
		A10000000000000000000011 /* ttApp.swift */ = {isa = PBXFileReference; lastKnownFileType = sourcecode.swift; path = ttApp.swift; sourceTree = "<group>"; };
		A10000000000000000000012 /* AppDelegate.swift */ = {isa = PBXFileReference; lastKnownFileType = sourcecode.swift; path = AppDelegate.swift; sourceTree = "<group>"; };
		A10000000000000000000013 /* AppState.swift */ = {isa = PBXFileReference; lastKnownFileType = sourcecode.swift; path = AppState.swift; sourceTree = "<group>"; };
		A10000000000000000000014 /* Models.swift */ = {isa = PBXFileReference; lastKnownFileType = sourcecode.swift; path = Models.swift; sourceTree = "<group>"; };
		A10000000000000000000015 /* TimeMath.swift */ = {isa = PBXFileReference; lastKnownFileType = sourcecode.swift; path = TimeMath.swift; sourceTree = "<group>"; };
		A10000000000000000000044 /* Reports.swift */ = {isa = PBXFileReference; lastKnownFileType = sourcecode.swift; path = Reports.swift; sourceTree = "<group>"; };
		A10000000000000000000016 /* DatabaseManager.swift */ = {isa = PBXFileReference; lastKnownFileType = sourcecode.swift; path = DatabaseManager.swift; sourceTree = "<group>"; };
		A10000000000000000000017 /* ProjectRepository.swift */ = {isa = PBXFileReference; lastKnownFileType = sourcecode.swift; path = ProjectRepository.swift; sourceTree = "<group>"; };
		A10000000000000000000018 /* TimeEntryRepository.swift */ = {isa = PBXFileReference; lastKnownFileType = sourcecode.swift; path = TimeEntryRepository.swift; sourceTree = "<group>"; };
		A10000000000000000000019 /* BrutalistTheme.swift */ = {isa = PBXFileReference; lastKnownFileType = sourcecode.swift; path = BrutalistTheme.swift; sourceTree = "<group>"; };
		A1000000000000000000001A /* SectionDivider.swift */ = {isa = PBXFileReference; lastKnownFileType = sourcecode.swift; path = SectionDivider.swift; sourceTree = "<group>"; };
		A1000000000000000000001B /* StatusPopoverView.swift */ = {isa = PBXFileReference; lastKnownFileType = sourcecode.swift; path = StatusPopoverView.swift; sourceTree = "<group>"; };
		A10000000000000000000042 /* MainWindowView.swift */ = {isa = PBXFileReference; lastKnownFileType = sourcecode.swift; path = MainWindowView.swift; sourceTree = "<group>"; };
		A1000000000000000000001C /* Assets.xcassets */ = {isa = PBXFileReference; lastKnownFileType = folder.assetcatalog; path = Assets.xcassets; sourceTree = "<group>"; };
		A1000000000000000000001D /* TimeMathTests.swift */ = {isa = PBXFileReference; lastKnownFileType = sourcecode.swift; path = TimeMathTests.swift; sourceTree = "<group>"; };
		A10000000000000000000046 /* CSVExporter.swift */ = {isa = PBXFileReference; lastKnownFileType = sourcecode.swift; path = CSVExporter.swift; sourceTree = "<group>"; };
		A10000000000000000000048 /* ReportBuilderTests.swift */ = {isa = PBXFileReference; lastKnownFileType = sourcecode.swift; path = ReportBuilderTests.swift; sourceTree = "<group>"; };
		A1000000000000000000004A /* CSVExporterTests.swift */ = {isa = PBXFileReference; lastKnownFileType = sourcecode.swift; path = CSVExporterTests.swift; sourceTree = "<group>"; };
		A1000000000000000000001E /* Info.plist */ = {isa = PBXFileReference; lastKnownFileType = text.plist.xml; path = Info.plist; sourceTree = "<group>"; };
		A1000000000000000000001F /* ttTests.xctest */ = {isa = PBXFileReference; explicitFileType = wrapper.cfbundle; path = ttTests.xctest; sourceTree = BUILT_PRODUCTS_DIR; };
		A1000000000000000000004B /* BrutalistPicker.swift */ = {isa = PBXFileReference; lastKnownFileType = sourcecode.swift; path = BrutalistPicker.swift; sourceTree = "<group>"; };
		A1000000000000000000004E /* TestHelpers.swift */ = {isa = PBXFileReference; lastKnownFileType = sourcecode.swift; path = TestHelpers.swift; sourceTree = "<group>"; };
		A10000000000000000000056 /* ProjectRepositoryTests.swift */ = {isa = PBXFileReference; lastKnownFileType = sourcecode.swift; path = ProjectRepositoryTests.swift; sourceTree = "<group>"; };
		A10000000000000000000053 /* TimeEntryRepositoryTests.swift */ = {isa = PBXFileReference; lastKnownFileType = sourcecode.swift; path = TimeEntryRepositoryTests.swift; sourceTree = "<group>"; };
		A10000000000000000000055 /* ModelTests.swift */ = {isa = PBXFileReference; lastKnownFileType = sourcecode.swift; path = ModelTests.swift; sourceTree = "<group>"; };
		A10000000000000000000058 /* AppStateTests.swift */ = {isa = PBXFileReference; lastKnownFileType = sourcecode.swift; path = AppStateTests.swift; sourceTree = "<group>"; };
		A1000000000000000000005A /* TimeTracker.swift */ = {isa = PBXFileReference; lastKnownFileType = sourcecode.swift; path = TimeTracker.swift; sourceTree = "<group>"; };
		A1000000000000000000005C /* TimeTrackerTests.swift */ = {isa = PBXFileReference; lastKnownFileType = sourcecode.swift; path = TimeTrackerTests.swift; sourceTree = "<group>"; };
		A1000000000000000000005E /* ttUITests.swift */ = {isa = PBXFileReference; lastKnownFileType = sourcecode.swift; path = ttUITests.swift; sourceTree = "<group>"; };
		A1000000000000000000005F /* ttUITests.xctest */ = {isa = PBXFileReference; explicitFileType = wrapper.cfbundle; path = ttUITests.xctest; sourceTree = BUILT_PRODUCTS_DIR; };
/* End PBXFileReference section */

/* Begin PBXFrameworksBuildPhase section */
		A10000000000000000000020 /* Frameworks */ = {
			isa = PBXFrameworksBuildPhase;
			buildActionMask = 2147483647;
			files = (
				A1000000000000000000000E /* GRDB in Frameworks */,
			);
			runOnlyForDeploymentPostprocessing = 0;
		};
		A10000000000000000000021 /* Frameworks */ = {
			isa = PBXFrameworksBuildPhase;
			buildActionMask = 2147483647;
			files = (
			);
			runOnlyForDeploymentPostprocessing = 0;
		};
		A10000000000000000000061 /* Frameworks */ = {
			isa = PBXFrameworksBuildPhase;
			buildActionMask = 2147483647;
			files = (
			);
			runOnlyForDeploymentPostprocessing = 0;
		};
/* End PBXFrameworksBuildPhase section */

/* Begin PBXGroup section */
		A10000000000000000000022 = {
			isa = PBXGroup;
			children = (
				A10000000000000000000026 /* tt */,
				A10000000000000000000027 /* ttTests */,
				A10000000000000000000060 /* ttUITests */,
				A10000000000000000000024 /* Products */,
			);
			sourceTree = "<group>";
		};
		A10000000000000000000024 /* Products */ = {
			isa = PBXGroup;
			children = (
				A10000000000000000000010 /* tt.app */,
				A1000000000000000000001F /* ttTests.xctest */,
				A1000000000000000000005F /* ttUITests.xctest */,
			);
			name = Products;
			sourceTree = "<group>";
		};
		A10000000000000000000060 /* ttUITests */ = {
			isa = PBXGroup;
			children = (
				A1000000000000000000005E /* ttUITests.swift */,
			);
			path = ttUITests;
			sourceTree = "<group>";
		};
		A10000000000000000000026 /* tt */ = {
			isa = PBXGroup;
			children = (
				A10000000000000000000011 /* ttApp.swift */,
				A10000000000000000000012 /* AppDelegate.swift */,
				A10000000000000000000028 /* AppState */,
				A10000000000000000000029 /* Domain */,
				A1000000000000000000002A /* Persistence */,
				A1000000000000000000002B /* UI */,
				A1000000000000000000002C /* SupportingFiles */,
				A1000000000000000000001C /* Assets.xcassets */,
			);
			path = tt;
			sourceTree = "<group>";
		};
		A10000000000000000000027 /* ttTests */ = {
			isa = PBXGroup;
			children = (
				A1000000000000000000004E /* TestHelpers.swift */,
				A1000000000000000000001D /* TimeMathTests.swift */,
				A10000000000000000000048 /* ReportBuilderTests.swift */,
				A1000000000000000000004A /* CSVExporterTests.swift */,
				A10000000000000000000056 /* ProjectRepositoryTests.swift */,
				A10000000000000000000053 /* TimeEntryRepositoryTests.swift */,
				A10000000000000000000055 /* ModelTests.swift */,
				A10000000000000000000058 /* AppStateTests.swift */,
				A1000000000000000000005C /* TimeTrackerTests.swift */,
			);
			path = ttTests;
			sourceTree = "<group>";
		};
		A10000000000000000000028 /* AppState */ = {
			isa = PBXGroup;
			children = (
				A10000000000000000000013 /* AppState.swift */,
			);
			path = AppState;
			sourceTree = "<group>";
		};
		A10000000000000000000029 /* Domain */ = {
			isa = PBXGroup;
			children = (
				A10000000000000000000014 /* Models.swift */,
				A10000000000000000000015 /* TimeMath.swift */,
				A10000000000000000000044 /* Reports.swift */,
				A10000000000000000000046 /* CSVExporter.swift */,
				A1000000000000000000005A /* TimeTracker.swift */,
			);
			path = Domain;
			sourceTree = "<group>";
		};
		A1000000000000000000002A /* Persistence */ = {
			isa = PBXGroup;
			children = (
				A10000000000000000000016 /* DatabaseManager.swift */,
				A10000000000000000000017 /* ProjectRepository.swift */,
				A10000000000000000000018 /* TimeEntryRepository.swift */,
			);
			path = Persistence;
			sourceTree = "<group>";
		};
		A1000000000000000000002B /* UI */ = {
			isa = PBXGroup;
			children = (
				A10000000000000000000019 /* BrutalistTheme.swift */,
				A1000000000000000000002E /* Components */,
				A1000000000000000000002F /* Views */,
			);
			path = UI;
			sourceTree = "<group>";
		};
		A1000000000000000000002C /* SupportingFiles */ = {
			isa = PBXGroup;
			children = (
				A1000000000000000000001E /* Info.plist */,
			);
			path = SupportingFiles;
			sourceTree = "<group>";
		};
		A1000000000000000000002E /* Components */ = {
			isa = PBXGroup;
			children = (
				A1000000000000000000001A /* SectionDivider.swift */,
				A1000000000000000000004B /* BrutalistPicker.swift */,
			);
			path = Components;
			sourceTree = "<group>";
		};
		A1000000000000000000002F /* Views */ = {
			isa = PBXGroup;
			children = (
				A1000000000000000000001B /* StatusPopoverView.swift */,
				A10000000000000000000042 /* MainWindowView.swift */,
			);
			path = Views;
			sourceTree = "<group>";
		};
/* End PBXGroup section */

/* Begin PBXNativeTarget section */
		A10000000000000000000030 /* tt */ = {
			isa = PBXNativeTarget;
			buildConfigurationList = A1000000000000000000003A /* Build configuration list for PBXNativeTarget "tt" */;
			buildPhases = (
				A10000000000000000000031 /* Sources */,
				A10000000000000000000032 /* Resources */,
				A10000000000000000000020 /* Frameworks */,
			);
			buildRules = (
			);
			dependencies = (
			);
			name = tt;
			packageProductDependencies = (
				A1000000000000000000002D /* GRDB */,
			);
			productName = tt;
			productReference = A10000000000000000000010 /* tt.app */;
			productType = "com.apple.product-type.application";
		};
		A10000000000000000000033 /* ttTests */ = {
			isa = PBXNativeTarget;
			buildConfigurationList = A1000000000000000000003D /* Build configuration list for PBXNativeTarget "ttTests" */;
			buildPhases = (
				A10000000000000000000034 /* Sources */,
				A10000000000000000000021 /* Frameworks */,
			);
			buildRules = (
			);
			dependencies = (
				A10000000000000000000051 /* PBXTargetDependency */,
			);
			name = ttTests;
			productName = ttTests;
			productReference = A1000000000000000000001F /* ttTests.xctest */;
			productType = "com.apple.product-type.bundle.unit-test";
		};
		A10000000000000000000063 /* ttUITests */ = {
			isa = PBXNativeTarget;
			buildConfigurationList = A10000000000000000000068 /* Build configuration list for PBXNativeTarget "ttUITests" */;
			buildPhases = (
				A10000000000000000000062 /* Sources */,
				A10000000000000000000061 /* Frameworks */,
			);
			buildRules = (
			);
			dependencies = (
				A10000000000000000000065 /* PBXTargetDependency */,
			);
			name = ttUITests;
			productName = ttUITests;
			productReference = A1000000000000000000005F /* ttUITests.xctest */;
			productType = "com.apple.product-type.bundle.ui-testing";
		};
/* End PBXNativeTarget section */

/* Begin PBXProject section */
		A10000000000000000000035 /* Project object */ = {
			isa = PBXProject;
			attributes = {
				LastSwiftUpdateCheck = 1500;
				LastUpgradeCheck = 1500;
				TargetAttributes = {
					A10000000000000000000030 = {
						CreatedOnToolsVersion = 15.0;
					};
					A10000000000000000000033 = {
						CreatedOnToolsVersion = 15.0;
						TestTargetID = A10000000000000000000030;
					};
					A10000000000000000000063 = {
						CreatedOnToolsVersion = 15.0;
						TestTargetID = A10000000000000000000030;
					};
				};
			};
			buildConfigurationList = A10000000000000000000038 /* Build configuration list for PBXProject "tt" */;
			compatibilityVersion = "Xcode 15.0";
			developmentRegion = en;
			hasScannedForEncodings = 0;
			knownRegions = (
				en,
			);
			mainGroup = A10000000000000000000022;
			packageReferences = (
				A100000000000000000002C0 /* GRDB Package */,
			);
			productRefGroup = A10000000000000000000024 /* Products */;
			projectDirPath = "";
			projectRoot = "";
			targets = (
				A10000000000000000000030 /* tt */,
				A10000000000000000000033 /* ttTests */,
				A10000000000000000000063 /* ttUITests */,
			);
		};
/* End PBXProject section */

/* Begin PBXResourcesBuildPhase section */
		A10000000000000000000032 /* Resources */ = {
			isa = PBXResourcesBuildPhase;
			buildActionMask = 2147483647;
			files = (
				A1000000000000000000000C /* Assets.xcassets in Resources */,
			);
			runOnlyForDeploymentPostprocessing = 0;
		};
/* End PBXResourcesBuildPhase section */

/* Begin PBXSourcesBuildPhase section */
		A10000000000000000000031 /* Sources */ = {
			isa = PBXSourcesBuildPhase;
			buildActionMask = 2147483647;
			files = (
				A10000000000000000000001 /* ttApp.swift in Sources */,
				A10000000000000000000002 /* AppDelegate.swift in Sources */,
				A10000000000000000000003 /* AppState.swift in Sources */,
				A10000000000000000000004 /* Models.swift in Sources */,
				A10000000000000000000005 /* TimeMath.swift in Sources */,
				A10000000000000000000043 /* Reports.swift in Sources */,
				A10000000000000000000045 /* CSVExporter.swift in Sources */,
				A10000000000000000000006 /* DatabaseManager.swift in Sources */,
				A10000000000000000000007 /* ProjectRepository.swift in Sources */,
				A10000000000000000000008 /* TimeEntryRepository.swift in Sources */,
				A10000000000000000000009 /* BrutalistTheme.swift in Sources */,
				A1000000000000000000000A /* SectionDivider.swift in Sources */,
				A1000000000000000000004C /* BrutalistPicker.swift in Sources */,
				A1000000000000000000000B /* StatusPopoverView.swift in Sources */,
				A10000000000000000000041 /* MainWindowView.swift in Sources */,
				A10000000000000000000059 /* TimeTracker.swift in Sources */,
			);
			runOnlyForDeploymentPostprocessing = 0;
		};
		A10000000000000000000034 /* Sources */ = {
			isa = PBXSourcesBuildPhase;
			buildActionMask = 2147483647;
			files = (
				A1000000000000000000004D /* TestHelpers.swift in Sources */,
				A1000000000000000000000D /* TimeMathTests.swift in Sources */,
				A10000000000000000000047 /* ReportBuilderTests.swift in Sources */,
				A10000000000000000000049 /* CSVExporterTests.swift in Sources */,
				A1000000000000000000004F /* ProjectRepositoryTests.swift in Sources */,
				A10000000000000000000052 /* TimeEntryRepositoryTests.swift in Sources */,
				A10000000000000000000054 /* ModelTests.swift in Sources */,
				A10000000000000000000057 /* AppStateTests.swift in Sources */,
				A1000000000000000000005B /* TimeTrackerTests.swift in Sources */,
			);
			runOnlyForDeploymentPostprocessing = 0;
		};
		A10000000000000000000062 /* Sources */ = {
			isa = PBXSourcesBuildPhase;
			buildActionMask = 2147483647;
			files = (
				A1000000000000000000005D /* ttUITests.swift in Sources */,
			);
			runOnlyForDeploymentPostprocessing = 0;
		};
/* End PBXSourcesBuildPhase section */

/* Begin XCBuildConfiguration section */
		A10000000000000000000039 /* Debug */ = {
			isa = XCBuildConfiguration;
			buildSettings = {
				CODE_SIGN_STYLE = Automatic;
				DEVELOPMENT_TEAM = "";
				ENABLE_TESTABILITY = YES;
				PRODUCT_NAME = tt;
				SWIFT_VERSION = 5.9;
			};
			name = Debug;
		};
		A1000000000000000000003B /* Release */ = {
			isa = XCBuildConfiguration;
			buildSettings = {
				CODE_SIGN_STYLE = Automatic;
				DEVELOPMENT_TEAM = "";
				PRODUCT_NAME = tt;
				SWIFT_VERSION = 5.9;
			};
			name = Release;
		};
		A1000000000000000000003C /* Debug */ = {
			isa = XCBuildConfiguration;
			buildSettings = {
				ASSETCATALOG_COMPILER_APPICON_NAME = AppIcon;
				CLANG_CXX_LANGUAGE_STANDARD = "gnu++20";
				CLANG_CXX_LIBRARY = "libc++";
				CLANG_ENABLE_MODULES = YES;
				CODE_SIGN_STYLE = Automatic;
				DEVELOPMENT_TEAM = "";
				INFOPLIST_FILE = tt/SupportingFiles/Info.plist;
				LD_RUNPATH_SEARCH_PATHS = (
					"$(inherited)",
					"@executable_path/../Frameworks",
				);
				MACOSX_DEPLOYMENT_TARGET = 13.0;
				PRODUCT_BUNDLE_IDENTIFIER = com.cyberwitchery.tt;
				PRODUCT_NAME = tt;
				SWIFT_VERSION = 5.9;
				TARGETED_DEVICE_FAMILY = 2;
			};
			name = Debug;
		};
		A1000000000000000000003E /* Release */ = {
			isa = XCBuildConfiguration;
			buildSettings = {
				ASSETCATALOG_COMPILER_APPICON_NAME = AppIcon;
				CLANG_CXX_LANGUAGE_STANDARD = "gnu++20";
				CLANG_CXX_LIBRARY = "libc++";
				CLANG_ENABLE_MODULES = YES;
				CODE_SIGN_STYLE = Automatic;
				DEVELOPMENT_TEAM = "";
				INFOPLIST_FILE = tt/SupportingFiles/Info.plist;
				LD_RUNPATH_SEARCH_PATHS = (
					"$(inherited)",
					"@executable_path/../Frameworks",
				);
				MACOSX_DEPLOYMENT_TARGET = 13.0;
				PRODUCT_BUNDLE_IDENTIFIER = com.cyberwitchery.tt;
				PRODUCT_NAME = tt;
				SWIFT_VERSION = 5.9;
				TARGETED_DEVICE_FAMILY = 2;
			};
			name = Release;
		};
		A1000000000000000000003F /* Debug */ = {
			isa = XCBuildConfiguration;
			buildSettings = {
				BUNDLE_LOADER = "$(TEST_HOST)";
				CODE_SIGN_STYLE = Automatic;
				DEVELOPMENT_TEAM = "";
				INFOPLIST_FILE = tt/SupportingFiles/Info.plist;
				MACOSX_DEPLOYMENT_TARGET = 13.0;
				PRODUCT_BUNDLE_IDENTIFIER = com.cyberwitchery.tt.tests;
				PRODUCT_NAME = ttTests;
				SWIFT_VERSION = 5.9;
				TEST_HOST = "$(BUILT_PRODUCTS_DIR)/tt.app/Contents/MacOS/tt";
			};
			name = Debug;
		};
		A10000000000000000000040 /* Release */ = {
			isa = XCBuildConfiguration;
			buildSettings = {
				BUNDLE_LOADER = "$(TEST_HOST)";
				CODE_SIGN_STYLE = Automatic;
				DEVELOPMENT_TEAM = "";
				INFOPLIST_FILE = tt/SupportingFiles/Info.plist;
				MACOSX_DEPLOYMENT_TARGET = 13.0;
				PRODUCT_BUNDLE_IDENTIFIER = com.cyberwitchery.tt.tests;
				PRODUCT_NAME = ttTests;
				SWIFT_VERSION = 5.9;
				TEST_HOST = "$(BUILT_PRODUCTS_DIR)/tt.app/Contents/MacOS/tt";
			};
			name = Release;
		};
		A10000000000000000000066 /* Debug */ = {
			isa = XCBuildConfiguration;
			buildSettings = {
				CODE_SIGN_STYLE = Automatic;
				DEVELOPMENT_TEAM = "";
				MACOSX_DEPLOYMENT_TARGET = 13.0;
				PRODUCT_BUNDLE_IDENTIFIER = com.cyberwitchery.tt.uitests;
				PRODUCT_NAME = ttUITests;
				SWIFT_VERSION = 5.9;
				TEST_TARGET_NAME = tt;
			};
			name = Debug;
		};
		A10000000000000000000067 /* Release */ = {
			isa = XCBuildConfiguration;
			buildSettings = {
				CODE_SIGN_STYLE = Automatic;
				DEVELOPMENT_TEAM = "";
				MACOSX_DEPLOYMENT_TARGET = 13.0;
				PRODUCT_BUNDLE_IDENTIFIER = com.cyberwitchery.tt.uitests;
				PRODUCT_NAME = ttUITests;
				SWIFT_VERSION = 5.9;
				TEST_TARGET_NAME = tt;
			};
			name = Release;
		};
/* End XCBuildConfiguration section */

/* Begin XCConfigurationList section */
		A10000000000000000000038 /* Build configuration list for PBXProject "tt" */ = {
			isa = XCConfigurationList;
			buildConfigurations = (
				A10000000000000000000039 /* Debug */,
				A1000000000000000000003B /* Release */,
			);
			defaultConfigurationIsVisible = 0;
			defaultConfigurationName = Debug;
		};
		A1000000000000000000003A /* Build configuration list for PBXNativeTarget "tt" */ = {
			isa = XCConfigurationList;
			buildConfigurations = (
				A1000000000000000000003C /* Debug */,
				A1000000000000000000003E /* Release */,
			);
			defaultConfigurationIsVisible = 0;
			defaultConfigurationName = Debug;
		};
		A1000000000000000000003D /* Build configuration list for PBXNativeTarget "ttTests" */ = {
			isa = XCConfigurationList;
			buildConfigurations = (
				A1000000000000000000003F /* Debug */,
				A10000000000000000000040 /* Release */,
			);
			defaultConfigurationIsVisible = 0;
			defaultConfigurationName = Debug;
		};
		A10000000000000000000068 /* Build configuration list for PBXNativeTarget "ttUITests" */ = {
			isa = XCConfigurationList;
			buildConfigurations = (
				A10000000000000000000066 /* Debug */,
				A10000000000000000000067 /* Release */,
			);
			defaultConfigurationIsVisible = 0;
			defaultConfigurationName = Debug;
		};
/* End XCConfigurationList section */

/* Begin XCRemoteSwiftPackageReference section */
		A100000000000000000002C0 /* GRDB Package */ = {
			isa = XCRemoteSwiftPackageReference;
			repositoryURL = "https://github.com/groue/GRDB.swift";
			requirement = {
				kind = upToNextMajorVersion;
				minimumVersion = 6.0.0;
			};
		};
/* End XCRemoteSwiftPackageReference section */

/* Begin XCSwiftPackageProductDependency section */
		A1000000000000000000002D /* GRDB */ = {
			isa = XCSwiftPackageProductDependency;
			package = A100000000000000000002C0 /* GRDB Package */;
			productName = GRDB;
		};
/* End XCSwiftPackageProductDependency section */

	};
	rootObject = A10000000000000000000035 /* Project object */;
}
